PODS:
  - CombineKeyboard (1.0.0)
  - SnapKit (4.2.0)
  - Then (2.7.0)

DEPENDENCIES:
  - CombineKeyboard (from `../`)
  - SnapKit
  - Then

SPEC REPOS:
  trunk:
    - SnapKit
    - Then

EXTERNAL SOURCES:
  CombineKeyboard:
    :path: "../"

SPEC CHECKSUMS:
  CombineKeyboard: 6339ebb8a887429cd16b6d8753fae6e9664ba642
  SnapKit: fe8a619752f3f27075cc9a90244d75c6c3f27e2a
  Then: acfe0be7e98221c6204e12f8161459606d5d822d

PODFILE CHECKSUM: c2c331f0dec76aba3d6d04d9b9107ecf4bee71c6

COCOAPODS: 1.9.1
